
Microsoft Visual Studio Solution File, Format Version 12.00
# Visual Studio Version 17
VisualStudioVersion = 17.10.35027.167
MinimumVisualStudioVersion = 10.0.40219.1
Project("{FAE04EC0-301F-11D3-BF4B-00C04F79EFBC}") = "PetStore", "PetStore\PetStore.csproj", "{E2ADE57B-4F75-4D7E-A8FA-09731E9C4DAA}"
EndProject
Project("{FAE04EC0-301F-11D3-BF4B-00C04F79EFBC}") = "Logic", "Logic\Logic.csproj", "{9A83DB34-C285-4F8E-9182-452F32B878CC}"
EndProject
Project("{FAE04EC0-301F-11D3-BF4B-00C04F79EFBC}") = "Models", "Models\Models.csproj", "{D3E923CD-6430-45EB-B73C-801C45D46E5D}"
EndProject
Global
	GlobalSection(SolutionConfigurationPlatforms) = preSolution
		Debug|Any CPU = Debug|Any CPU
		Release|Any CPU = Release|Any CPU
	EndGlobalSection
	GlobalSection(ProjectConfigurationPlatforms) = postSolution
		{E2ADE57B-4F75-4D7E-A8FA-09731E9C4DAA}.Debug|Any CPU.ActiveCfg = Debug|Any CPU
		{E2ADE57B-4F75-4D7E-A8FA-09731E9C4DAA}.Debug|Any CPU.Build.0 = Debug|Any CPU
		{E2ADE57B-4F75-4D7E-A8FA-09731E9C4DAA}.Release|Any CPU.ActiveCfg = Release|Any CPU
		{E2ADE57B-4F75-4D7E-A8FA-09731E9C4DAA}.Release|Any CPU.Build.0 = Release|Any CPU
		{9A83DB34-C285-4F8E-9182-452F32B878CC}.Debug|Any CPU.ActiveCfg = Debug|Any CPU
		{9A83DB34-C285-4F8E-9182-452F32B878CC}.Debug|Any CPU.Build.0 = Debug|Any CPU
		{9A83DB34-C285-4F8E-9182-452F32B878CC}.Release|Any CPU.ActiveCfg = Release|Any CPU
		{9A83DB34-C285-4F8E-9182-452F32B878CC}.Release|Any CPU.Build.0 = Release|Any CPU
		{D3E923CD-6430-45EB-B73C-801C45D46E5D}.Debug|Any CPU.ActiveCfg = Debug|Any CPU
		{D3E923CD-6430-45EB-B73C-801C45D46E5D}.Debug|Any CPU.Build.0 = Debug|Any CPU
		{D3E923CD-6430-45EB-B73C-801C45D46E5D}.Release|Any CPU.ActiveCfg = Release|Any CPU
		{D3E923CD-6430-45EB-B73C-801C45D46E5D}.Release|Any CPU.Build.0 = Release|Any CPU
	EndGlobalSection
	GlobalSection(SolutionProperties) = preSolution
		HideSolutionNode = FALSE
	EndGlobalSection
	GlobalSection(ExtensibilityGlobals) = postSolution
		SolutionGuid = {E662908B-0757-4BF3-8D7A-8DAEAC362A0B}
	EndGlobalSection
EndGlobal
